
Microsoft Visual Studio Solution File, Format Version 12.00
# Visual Studio Version 17
VisualStudioVersion = 17.13.35931.197 d17.13
MinimumVisualStudioVersion = 10.0.40219.1
Project("{FAE04EC0-301F-11D3-BF4B-00C04F79EFBC}") = "TopCryptoCoin", "TopCryptoCoin\TopCryptoCoin.csproj", "{BFEF3194-5F0D-4C2F-A509-32EA91A64855}"
EndProject
Global
	GlobalSection(SolutionConfigurationPlatforms) = preSolution
		Debug|Any CPU = Debug|Any CPU
		Release|Any CPU = Release|Any CPU
	EndGlobalSection
	GlobalSection(ProjectConfigurationPlatforms) = postSolution
		{BFEF3194-5F0D-4C2F-A509-32EA91A64855}.Debug|Any CPU.ActiveCfg = Debug|Any CPU
		{BFEF3194-5F0D-4C2F-A509-32EA91A64855}.Debug|Any CPU.Build.0 = Debug|Any CPU
		{BFEF3194-5F0D-4C2F-A509-32EA91A64855}.Release|Any CPU.ActiveCfg = Release|Any CPU
		{BFEF3194-5F0D-4C2F-A509-32EA91A64855}.Release|Any CPU.Build.0 = Release|Any CPU
	EndGlobalSection
	GlobalSection(SolutionProperties) = preSolution
		HideSolutionNode = FALSE
	EndGlobalSection
	GlobalSection(ExtensibilityGlobals) = postSolution
		SolutionGuid = {A40C63E2-30A0-4A73-97C5-802045897A42}
	EndGlobalSection
EndGlobal
